// !$*UTF8*$!
{
	archiveVersion = 1;
	classes = {
	};
	objectVersion = 50;
	objects = {

/* Begin PBXBuildFile section */
		3109183923F5FA5100FF70EE /* StocksTableController.swift in Sources */ = {isa = PBXBuildFile; fileRef = 3109183823F5FA5100FF70EE /* StocksTableController.swift */; };
		3109183C23F5FB2A00FF70EE /* Stock.swift in Sources */ = {isa = PBXBuildFile; fileRef = 3109183B23F5FB2A00FF70EE /* Stock.swift */; };
		3109183E23F6029E00FF70EE /* StockDatabase.swift in Sources */ = {isa = PBXBuildFile; fileRef = 3109183D23F6029E00FF70EE /* StockDatabase.swift */; };
		3189504A23F48DD300A31E20 /* AppDelegate.swift in Sources */ = {isa = PBXBuildFile; fileRef = 3189504923F48DD300A31E20 /* AppDelegate.swift */; };
		3189504C23F48DD300A31E20 /* SceneDelegate.swift in Sources */ = {isa = PBXBuildFile; fileRef = 3189504B23F48DD300A31E20 /* SceneDelegate.swift */; };
		3189504E23F48DD300A31E20 /* TemperatureViewController.swift in Sources */ = {isa = PBXBuildFile; fileRef = 3189504D23F48DD300A31E20 /* TemperatureViewController.swift */; };
		3189505123F48DD300A31E20 /* Main.storyboard in Resources */ = {isa = PBXBuildFile; fileRef = 3189504F23F48DD300A31E20 /* Main.storyboard */; };
		3189505323F48DD300A31E20 /* Assets.xcassets in Resources */ = {isa = PBXBuildFile; fileRef = 3189505223F48DD300A31E20 /* Assets.xcassets */; };
		3189505623F48DD300A31E20 /* LaunchScreen.storyboard in Resources */ = {isa = PBXBuildFile; fileRef = 3189505423F48DD300A31E20 /* LaunchScreen.storyboard */; };
		3189506123F48DD300A31E20 /* WorldTrotterTests.swift in Sources */ = {isa = PBXBuildFile; fileRef = 3189506023F48DD300A31E20 /* WorldTrotterTests.swift */; };
		3189506C23F48DD300A31E20 /* WorldTrotterUITests.swift in Sources */ = {isa = PBXBuildFile; fileRef = 3189506B23F48DD300A31E20 /* WorldTrotterUITests.swift */; };
		3189507A23F4A88D00A31E20 /* MapViewController.swift in Sources */ = {isa = PBXBuildFile; fileRef = 3189507923F4A88D00A31E20 /* MapViewController.swift */; };
/* End PBXBuildFile section */

/* Begin PBXContainerItemProxy section */
		3189505D23F48DD300A31E20 /* PBXContainerItemProxy */ = {
			isa = PBXContainerItemProxy;
			containerPortal = 3189503E23F48DD200A31E20 /* Project object */;
			proxyType = 1;
			remoteGlobalIDString = 3189504523F48DD200A31E20;
			remoteInfo = WorldTrotter;
		};
		3189506823F48DD300A31E20 /* PBXContainerItemProxy */ = {
			isa = PBXContainerItemProxy;
			containerPortal = 3189503E23F48DD200A31E20 /* Project object */;
			proxyType = 1;
			remoteGlobalIDString = 3189504523F48DD200A31E20;
			remoteInfo = WorldTrotter;
		};
/* End PBXContainerItemProxy section */

/* Begin PBXFileReference section */
		3109183323F5EB2E00FF70EE /* en */ = {isa = PBXFileReference; lastKnownFileType = text.plist.strings; name = en; path = en.lproj/Main.strings; sourceTree = "<group>"; };
		3109183623F5F57900FF70EE /* fr */ = {isa = PBXFileReference; lastKnownFileType = text.plist.strings; name = fr; path = fr.lproj/Main.strings; sourceTree = "<group>"; };
		3109183723F5F57900FF70EE /* fr */ = {isa = PBXFileReference; lastKnownFileType = text.plist.strings; name = fr; path = fr.lproj/LaunchScreen.strings; sourceTree = "<group>"; };
		3109183823F5FA5100FF70EE /* StocksTableController.swift */ = {isa = PBXFileReference; lastKnownFileType = sourcecode.swift; path = StocksTableController.swift; sourceTree = "<group>"; };
		3109183B23F5FB2A00FF70EE /* Stock.swift */ = {isa = PBXFileReference; lastKnownFileType = sourcecode.swift; path = Stock.swift; sourceTree = "<group>"; };
		3109183D23F6029E00FF70EE /* StockDatabase.swift */ = {isa = PBXFileReference; lastKnownFileType = sourcecode.swift; path = StockDatabase.swift; sourceTree = "<group>"; };
		3189504623F48DD200A31E20 /* WorldTrotter.app */ = {isa = PBXFileReference; explicitFileType = wrapper.application; includeInIndex = 0; path = WorldTrotter.app; sourceTree = BUILT_PRODUCTS_DIR; };
		3189504923F48DD300A31E20 /* AppDelegate.swift */ = {isa = PBXFileReference; lastKnownFileType = sourcecode.swift; path = AppDelegate.swift; sourceTree = "<group>"; };
		3189504B23F48DD300A31E20 /* SceneDelegate.swift */ = {isa = PBXFileReference; lastKnownFileType = sourcecode.swift; path = SceneDelegate.swift; sourceTree = "<group>"; };
		3189504D23F48DD300A31E20 /* TemperatureViewController.swift */ = {isa = PBXFileReference; lastKnownFileType = sourcecode.swift; path = TemperatureViewController.swift; sourceTree = "<group>"; };
		3189505023F48DD300A31E20 /* Base */ = {isa = PBXFileReference; lastKnownFileType = file.storyboard; name = Base; path = Base.lproj/Main.storyboard; sourceTree = "<group>"; };
		3189505223F48DD300A31E20 /* Assets.xcassets */ = {isa = PBXFileReference; lastKnownFileType = folder.assetcatalog; path = Assets.xcassets; sourceTree = "<group>"; };
		3189505523F48DD300A31E20 /* Base */ = {isa = PBXFileReference; lastKnownFileType = file.storyboard; name = Base; path = Base.lproj/LaunchScreen.storyboard; sourceTree = "<group>"; };
		3189505723F48DD300A31E20 /* Info.plist */ = {isa = PBXFileReference; lastKnownFileType = text.plist.xml; path = Info.plist; sourceTree = "<group>"; };
		3189505C23F48DD300A31E20 /* WorldTrotterTests.xctest */ = {isa = PBXFileReference; explicitFileType = wrapper.cfbundle; includeInIndex = 0; path = WorldTrotterTests.xctest; sourceTree = BUILT_PRODUCTS_DIR; };
		3189506023F48DD300A31E20 /* WorldTrotterTests.swift */ = {isa = PBXFileReference; lastKnownFileType = sourcecode.swift; path = WorldTrotterTests.swift; sourceTree = "<group>"; };
		3189506223F48DD300A31E20 /* Info.plist */ = {isa = PBXFileReference; lastKnownFileType = text.plist.xml; path = Info.plist; sourceTree = "<group>"; };
		3189506723F48DD300A31E20 /* WorldTrotterUITests.xctest */ = {isa = PBXFileReference; explicitFileType = wrapper.cfbundle; includeInIndex = 0; path = WorldTrotterUITests.xctest; sourceTree = BUILT_PRODUCTS_DIR; };
		3189506B23F48DD300A31E20 /* WorldTrotterUITests.swift */ = {isa = PBXFileReference; lastKnownFileType = sourcecode.swift; path = WorldTrotterUITests.swift; sourceTree = "<group>"; };
		3189506D23F48DD300A31E20 /* Info.plist */ = {isa = PBXFileReference; lastKnownFileType = text.plist.xml; path = Info.plist; sourceTree = "<group>"; };
		3189507923F4A88D00A31E20 /* MapViewController.swift */ = {isa = PBXFileReference; lastKnownFileType = sourcecode.swift; path = MapViewController.swift; sourceTree = "<group>"; };
/* End PBXFileReference section */

/* Begin PBXFrameworksBuildPhase section */
		3189504323F48DD200A31E20 /* Frameworks */ = {
			isa = PBXFrameworksBuildPhase;
			buildActionMask = 2147483647;
			files = (
			);
			runOnlyForDeploymentPostprocessing = 0;
		};
		3189505923F48DD300A31E20 /* Frameworks */ = {
			isa = PBXFrameworksBuildPhase;
			buildActionMask = 2147483647;
			files = (
			);
			runOnlyForDeploymentPostprocessing = 0;
		};
		3189506423F48DD300A31E20 /* Frameworks */ = {
			isa = PBXFrameworksBuildPhase;
			buildActionMask = 2147483647;
			files = (
			);
			runOnlyForDeploymentPostprocessing = 0;
		};
/* End PBXFrameworksBuildPhase section */

/* Begin PBXGroup section */
		3109183A23F5FB0F00FF70EE /* DataModels */ = {
			isa = PBXGroup;
			children = (
				3109183B23F5FB2A00FF70EE /* Stock.swift */,
				3109183D23F6029E00FF70EE /* StockDatabase.swift */,
			);
			path = DataModels;
			sourceTree = "<group>";
		};
		3189503D23F48DD200A31E20 = {
			isa = PBXGroup;
			children = (
				3189504823F48DD200A31E20 /* WorldTrotter */,
				3189505F23F48DD300A31E20 /* WorldTrotterTests */,
				3189506A23F48DD300A31E20 /* WorldTrotterUITests */,
				3189504723F48DD200A31E20 /* Products */,
			);
			sourceTree = "<group>";
		};
		3189504723F48DD200A31E20 /* Products */ = {
			isa = PBXGroup;
			children = (
				3189504623F48DD200A31E20 /* WorldTrotter.app */,
				3189505C23F48DD300A31E20 /* WorldTrotterTests.xctest */,
				3189506723F48DD300A31E20 /* WorldTrotterUITests.xctest */,
			);
			name = Products;
			sourceTree = "<group>";
		};
		3189504823F48DD200A31E20 /* WorldTrotter */ = {
			isa = PBXGroup;
			children = (
				3109183A23F5FB0F00FF70EE /* DataModels */,
				3189504923F48DD300A31E20 /* AppDelegate.swift */,
				3189504B23F48DD300A31E20 /* SceneDelegate.swift */,
				3189504D23F48DD300A31E20 /* TemperatureViewController.swift */,
				3189504F23F48DD300A31E20 /* Main.storyboard */,
				3189505223F48DD300A31E20 /* Assets.xcassets */,
				3189505423F48DD300A31E20 /* LaunchScreen.storyboard */,
				3189505723F48DD300A31E20 /* Info.plist */,
				3189507923F4A88D00A31E20 /* MapViewController.swift */,
				3109183823F5FA5100FF70EE /* StocksTableController.swift */,
			);
			path = WorldTrotter;
			sourceTree = "<group>";
		};
		3189505F23F48DD300A31E20 /* WorldTrotterTests */ = {
			isa = PBXGroup;
			children = (
				3189506023F48DD300A31E20 /* WorldTrotterTests.swift */,
				3189506223F48DD300A31E20 /* Info.plist */,
			);
			path = WorldTrotterTests;
			sourceTree = "<group>";
		};
		3189506A23F48DD300A31E20 /* WorldTrotterUITests */ = {
			isa = PBXGroup;
			children = (
				3189506B23F48DD300A31E20 /* WorldTrotterUITests.swift */,
				3189506D23F48DD300A31E20 /* Info.plist */,
			);
			path = WorldTrotterUITests;
			sourceTree = "<group>";
		};
/* End PBXGroup section */

/* Begin PBXNativeTarget section */
		3189504523F48DD200A31E20 /* WorldTrotter */ = {
			isa = PBXNativeTarget;
			buildConfigurationList = 3189507023F48DD300A31E20 /* Build configuration list for PBXNativeTarget "WorldTrotter" */;
			buildPhases = (
				3189504223F48DD200A31E20 /* Sources */,
				3189504323F48DD200A31E20 /* Frameworks */,
				3189504423F48DD200A31E20 /* Resources */,
			);
			buildRules = (
			);
			dependencies = (
			);
			name = WorldTrotter;
			productName = WorldTrotter;
			productReference = 3189504623F48DD200A31E20 /* WorldTrotter.app */;
			productType = "com.apple.product-type.application";
		};
		3189505B23F48DD300A31E20 /* WorldTrotterTests */ = {
			isa = PBXNativeTarget;
			buildConfigurationList = 3189507323F48DD300A31E20 /* Build configuration list for PBXNativeTarget "WorldTrotterTests" */;
			buildPhases = (
				3189505823F48DD300A31E20 /* Sources */,
				3189505923F48DD300A31E20 /* Frameworks */,
				3189505A23F48DD300A31E20 /* Resources */,
			);
			buildRules = (
			);
			dependencies = (
				3189505E23F48DD300A31E20 /* PBXTargetDependency */,
			);
			name = WorldTrotterTests;
			productName = WorldTrotterTests;
			productReference = 3189505C23F48DD300A31E20 /* WorldTrotterTests.xctest */;
			productType = "com.apple.product-type.bundle.unit-test";
		};
		3189506623F48DD300A31E20 /* WorldTrotterUITests */ = {
			isa = PBXNativeTarget;
			buildConfigurationList = 3189507623F48DD300A31E20 /* Build configuration list for PBXNativeTarget "WorldTrotterUITests" */;
			buildPhases = (
				3189506323F48DD300A31E20 /* Sources */,
				3189506423F48DD300A31E20 /* Frameworks */,
				3189506523F48DD300A31E20 /* Resources */,
			);
			buildRules = (
			);
			dependencies = (
				3189506923F48DD300A31E20 /* PBXTargetDependency */,
			);
			name = WorldTrotterUITests;
			productName = WorldTrotterUITests;
			productReference = 3189506723F48DD300A31E20 /* WorldTrotterUITests.xctest */;
			productType = "com.apple.product-type.bundle.ui-testing";
		};
/* End PBXNativeTarget section */

/* Begin PBXProject section */
		3189503E23F48DD200A31E20 /* Project object */ = {
			isa = PBXProject;
			attributes = {
				LastSwiftUpdateCheck = 1130;
				LastUpgradeCheck = 1130;
				ORGANIZATIONNAME = "Registre, Jeff";
				TargetAttributes = {
					3189504523F48DD200A31E20 = {
						CreatedOnToolsVersion = 11.3.1;
					};
					3189505B23F48DD300A31E20 = {
						CreatedOnToolsVersion = 11.3.1;
						TestTargetID = 3189504523F48DD200A31E20;
					};
					3189506623F48DD300A31E20 = {
						CreatedOnToolsVersion = 11.3.1;
						TestTargetID = 3189504523F48DD200A31E20;
					};
				};
			};
			buildConfigurationList = 3189504123F48DD200A31E20 /* Build configuration list for PBXProject "WorldTrotter" */;
			compatibilityVersion = "Xcode 9.3";
			developmentRegion = en;
			hasScannedForEncodings = 0;
			knownRegions = (
				en,
				Base,
				fr,
			);
			mainGroup = 3189503D23F48DD200A31E20;
			productRefGroup = 3189504723F48DD200A31E20 /* Products */;
			projectDirPath = "";
			projectRoot = "";
			targets = (
				3189504523F48DD200A31E20 /* WorldTrotter */,
				3189505B23F48DD300A31E20 /* WorldTrotterTests */,
				3189506623F48DD300A31E20 /* WorldTrotterUITests */,
			);
		};
/* End PBXProject section */

/* Begin PBXResourcesBuildPhase section */
		3189504423F48DD200A31E20 /* Resources */ = {
			isa = PBXResourcesBuildPhase;
			buildActionMask = 2147483647;
			files = (
				3189505623F48DD300A31E20 /* LaunchScreen.storyboard in Resources */,
				3189505323F48DD300A31E20 /* Assets.xcassets in Resources */,
				3189505123F48DD300A31E20 /* Main.storyboard in Resources */,
			);
			runOnlyForDeploymentPostprocessing = 0;
		};
		3189505A23F48DD300A31E20 /* Resources */ = {
			isa = PBXResourcesBuildPhase;
			buildActionMask = 2147483647;
			files = (
			);
			runOnlyForDeploymentPostprocessing = 0;
		};
		3189506523F48DD300A31E20 /* Resources */ = {
			isa = PBXResourcesBuildPhase;
			buildActionMask = 2147483647;
			files = (
			);
			runOnlyForDeploymentPostprocessing = 0;
		};
/* End PBXResourcesBuildPhase section */

/* Begin PBXSourcesBuildPhase section */
		3189504223F48DD200A31E20 /* Sources */ = {
			isa = PBXSourcesBuildPhase;
			buildActionMask = 2147483647;
			files = (
				3189504E23F48DD300A31E20 /* TemperatureViewController.swift in Sources */,
				3189504A23F48DD300A31E20 /* AppDelegate.swift in Sources */,
				3109183C23F5FB2A00FF70EE /* Stock.swift in Sources */,
				3109183E23F6029E00FF70EE /* StockDatabase.swift in Sources */,
				3109183923F5FA5100FF70EE /* StocksTableController.swift in Sources */,
				3189504C23F48DD300A31E20 /* SceneDelegate.swift in Sources */,
				3189507A23F4A88D00A31E20 /* MapViewController.swift in Sources */,
			);
			runOnlyForDeploymentPostprocessing = 0;
		};
		3189505823F48DD300A31E20 /* Sources */ = {
			isa = PBXSourcesBuildPhase;
			buildActionMask = 2147483647;
			files = (
				3189506123F48DD300A31E20 /* WorldTrotterTests.swift in Sources */,
			);
			runOnlyForDeploymentPostprocessing = 0;
		};
		3189506323F48DD300A31E20 /* Sources */ = {
			isa = PBXSourcesBuildPhase;
			buildActionMask = 2147483647;
			files = (
				3189506C23F48DD300A31E20 /* WorldTrotterUITests.swift in Sources */,
			);
			runOnlyForDeploymentPostprocessing = 0;
		};
/* End PBXSourcesBuildPhase section */

/* Begin PBXTargetDependency section */
		3189505E23F48DD300A31E20 /* PBXTargetDependency */ = {
			isa = PBXTargetDependency;
			target = 3189504523F48DD200A31E20 /* WorldTrotter */;
			targetProxy = 3189505D23F48DD300A31E20 /* PBXContainerItemProxy */;
		};
		3189506923F48DD300A31E20 /* PBXTargetDependency */ = {
			isa = PBXTargetDependency;
			target = 3189504523F48DD200A31E20 /* WorldTrotter */;
			targetProxy = 3189506823F48DD300A31E20 /* PBXContainerItemProxy */;
		};
/* End PBXTargetDependency section */

/* Begin PBXVariantGroup section */
		3189504F23F48DD300A31E20 /* Main.storyboard */ = {
			isa = PBXVariantGroup;
			children = (
				3189505023F48DD300A31E20 /* Base */,
				3109183323F5EB2E00FF70EE /* en */,
				3109183623F5F57900FF70EE /* fr */,
			);
			name = Main.storyboard;
			sourceTree = "<group>";
		};
		3189505423F48DD300A31E20 /* LaunchScreen.storyboard */ = {
			isa = PBXVariantGroup;
			children = (
				3189505523F48DD300A31E20 /* Base */,
				3109183723F5F57900FF70EE /* fr */,
			);
			name = LaunchScreen.storyboard;
			sourceTree = "<group>";
		};
/* End PBXVariantGroup section */

/* Begin XCBuildConfiguration section */
		3189506E23F48DD300A31E20 /* Debug */ = {
			isa = XCBuildConfiguration;
			buildSettings = {
				ALWAYS_SEARCH_USER_PATHS = NO;
				CLANG_ANALYZER_LOCALIZABILITY_NONLOCALIZED = YES;
				CLANG_ANALYZER_NONNULL = YES;
				CLANG_ANALYZER_NUMBER_OBJECT_CONVERSION = YES_AGGRESSIVE;
				CLANG_CXX_LANGUAGE_STANDARD = "gnu++14";
				CLANG_CXX_LIBRARY = "libc++";
				CLANG_ENABLE_MODULES = YES;
				CLANG_ENABLE_OBJC_ARC = YES;
				CLANG_ENABLE_OBJC_WEAK = YES;
				CLANG_WARN_BLOCK_CAPTURE_AUTORELEASING = YES;
				CLANG_WARN_BOOL_CONVERSION = YES;
				CLANG_WARN_COMMA = YES;
				CLANG_WARN_CONSTANT_CONVERSION = YES;
				CLANG_WARN_DEPRECATED_OBJC_IMPLEMENTATIONS = YES;
				CLANG_WARN_DIRECT_OBJC_ISA_USAGE = YES_ERROR;
				CLANG_WARN_DOCUMENTATION_COMMENTS = YES;
				CLANG_WARN_EMPTY_BODY = YES;
				CLANG_WARN_ENUM_CONVERSION = YES;
				CLANG_WARN_INFINITE_RECURSION = YES;
				CLANG_WARN_INT_CONVERSION = YES;
				CLANG_WARN_NON_LITERAL_NULL_CONVERSION = YES;
				CLANG_WARN_OBJC_IMPLICIT_RETAIN_SELF = YES;
				CLANG_WARN_OBJC_LITERAL_CONVERSION = YES;
				CLANG_WARN_OBJC_ROOT_CLASS = YES_ERROR;
				CLANG_WARN_RANGE_LOOP_ANALYSIS = YES;
				CLANG_WARN_STRICT_PROTOTYPES = YES;
				CLANG_WARN_SUSPICIOUS_MOVE = YES;
				CLANG_WARN_UNGUARDED_AVAILABILITY = YES_AGGRESSIVE;
				CLANG_WARN_UNREACHABLE_CODE = YES;
				CLANG_WARN__DUPLICATE_METHOD_MATCH = YES;
				COPY_PHASE_STRIP = NO;
				DEBUG_INFORMATION_FORMAT = dwarf;
				ENABLE_STRICT_OBJC_MSGSEND = YES;
				ENABLE_TESTABILITY = YES;
				GCC_C_LANGUAGE_STANDARD = gnu11;
				GCC_DYNAMIC_NO_PIC = NO;
				GCC_NO_COMMON_BLOCKS = YES;
				GCC_OPTIMIZATION_LEVEL = 0;
				GCC_PREPROCESSOR_DEFINITIONS = (
					"DEBUG=1",
					"$(inherited)",
				);
				GCC_WARN_64_TO_32_BIT_CONVERSION = YES;
				GCC_WARN_ABOUT_RETURN_TYPE = YES_ERROR;
				GCC_WARN_UNDECLARED_SELECTOR = YES;
				GCC_WARN_UNINITIALIZED_AUTOS = YES_AGGRESSIVE;
				GCC_WARN_UNUSED_FUNCTION = YES;
				GCC_WARN_UNUSED_VARIABLE = YES;
				IPHONEOS_DEPLOYMENT_TARGET = 13.2;
				MTL_ENABLE_DEBUG_INFO = INCLUDE_SOURCE;
				MTL_FAST_MATH = YES;
				ONLY_ACTIVE_ARCH = YES;
				SDKROOT = iphoneos;
				SWIFT_ACTIVE_COMPILATION_CONDITIONS = DEBUG;
				SWIFT_OPTIMIZATION_LEVEL = "-Onone";
			};
			name = Debug;
		};
		3189506F23F48DD300A31E20 /* Release */ = {
			isa = XCBuildConfiguration;
			buildSettings = {
				ALWAYS_SEARCH_USER_PATHS = NO;
				CLANG_ANALYZER_LOCALIZABILITY_NONLOCALIZED = YES;
				CLANG_ANALYZER_NONNULL = YES;
				CLANG_ANALYZER_NUMBER_OBJECT_CONVERSION = YES_AGGRESSIVE;
				CLANG_CXX_LANGUAGE_STANDARD = "gnu++14";
				CLANG_CXX_LIBRARY = "libc++";
				CLANG_ENABLE_MODULES = YES;
				CLANG_ENABLE_OBJC_ARC = YES;
				CLANG_ENABLE_OBJC_WEAK = YES;
				CLANG_WARN_BLOCK_CAPTURE_AUTORELEASING = YES;
				CLANG_WARN_BOOL_CONVERSION = YES;
				CLANG_WARN_COMMA = YES;
				CLANG_WARN_CONSTANT_CONVERSION = YES;
				CLANG_WARN_DEPRECATED_OBJC_IMPLEMENTATIONS = YES;
				CLANG_WARN_DIRECT_OBJC_ISA_USAGE = YES_ERROR;
				CLANG_WARN_DOCUMENTATION_COMMENTS = YES;
				CLANG_WARN_EMPTY_BODY = YES;
				CLANG_WARN_ENUM_CONVERSION = YES;
				CLANG_WARN_INFINITE_RECURSION = YES;
				CLANG_WARN_INT_CONVERSION = YES;
				CLANG_WARN_NON_LITERAL_NULL_CONVERSION = YES;
				CLANG_WARN_OBJC_IMPLICIT_RETAIN_SELF = YES;
				CLANG_WARN_OBJC_LITERAL_CONVERSION = YES;
				CLANG_WARN_OBJC_ROOT_CLASS = YES_ERROR;
				CLANG_WARN_RANGE_LOOP_ANALYSIS = YES;
				CLANG_WARN_STRICT_PROTOTYPES = YES;
				CLANG_WARN_SUSPICIOUS_MOVE = YES;
				CLANG_WARN_UNGUARDED_AVAILABILITY = YES_AGGRESSIVE;
				CLANG_WARN_UNREACHABLE_CODE = YES;
				CLANG_WARN__DUPLICATE_METHOD_MATCH = YES;
				COPY_PHASE_STRIP = NO;
				DEBUG_INFORMATION_FORMAT = "dwarf-with-dsym";
				ENABLE_NS_ASSERTIONS = NO;
				ENABLE_STRICT_OBJC_MSGSEND = YES;
				GCC_C_LANGUAGE_STANDARD = gnu11;
				GCC_NO_COMMON_BLOCKS = YES;
				GCC_WARN_64_TO_32_BIT_CONVERSION = YES;
				GCC_WARN_ABOUT_RETURN_TYPE = YES_ERROR;
				GCC_WARN_UNDECLARED_SELECTOR = YES;
				GCC_WARN_UNINITIALIZED_AUTOS = YES_AGGRESSIVE;
				GCC_WARN_UNUSED_FUNCTION = YES;
				GCC_WARN_UNUSED_VARIABLE = YES;
				IPHONEOS_DEPLOYMENT_TARGET = 13.2;
				MTL_ENABLE_DEBUG_INFO = NO;
				MTL_FAST_MATH = YES;
				SDKROOT = iphoneos;
				SWIFT_COMPILATION_MODE = wholemodule;
				SWIFT_OPTIMIZATION_LEVEL = "-O";
				VALIDATE_PRODUCT = YES;
			};
			name = Release;
		};
		3189507123F48DD300A31E20 /* Debug */ = {
			isa = XCBuildConfiguration;
			buildSettings = {
				ASSETCATALOG_COMPILER_APPICON_NAME = AppIcon;
				CODE_SIGN_STYLE = Automatic;
				INFOPLIST_FILE = WorldTrotter/Info.plist;
				LD_RUNPATH_SEARCH_PATHS = (
					"$(inherited)",
					"@executable_path/Frameworks",
				);
				PRODUCT_BUNDLE_IDENTIFIER = com.jeffindustries.WorldTrotter;
				PRODUCT_NAME = "$(TARGET_NAME)";
				SWIFT_VERSION = 5.0;
				TARGETED_DEVICE_FAMILY = "1,2";
			};
			name = Debug;
		};
		3189507223F48DD300A31E20 /* Release */ = {
			isa = XCBuildConfiguration;
			buildSettings = {
				ASSETCATALOG_COMPILER_APPICON_NAME = AppIcon;
				CODE_SIGN_STYLE = Automatic;
				INFOPLIST_FILE = WorldTrotter/Info.plist;
				LD_RUNPATH_SEARCH_PATHS = (
					"$(inherited)",
					"@executable_path/Frameworks",
				);
				PRODUCT_BUNDLE_IDENTIFIER = com.jeffindustries.WorldTrotter;
				PRODUCT_NAME = "$(TARGET_NAME)";
				SWIFT_VERSION = 5.0;
				TARGETED_DEVICE_FAMILY = "1,2";
			};
			name = Release;
		};
		3189507423F48DD300A31E20 /* Debug */ = {
			isa = XCBuildConfiguration;
			buildSettings = {
				ALWAYS_EMBED_SWIFT_STANDARD_LIBRARIES = YES;
				BUNDLE_LOADER = "$(TEST_HOST)";
				CODE_SIGN_STYLE = Automatic;
				INFOPLIST_FILE = WorldTrotterTests/Info.plist;
				IPHONEOS_DEPLOYMENT_TARGET = 13.2;
				LD_RUNPATH_SEARCH_PATHS = (
					"$(inherited)",
					"@executable_path/Frameworks",
					"@loader_path/Frameworks",
				);
				PRODUCT_BUNDLE_IDENTIFIER = com.jeffindustries.WorldTrotterTests;
				PRODUCT_NAME = "$(TARGET_NAME)";
				SWIFT_VERSION = 5.0;
				TARGETED_DEVICE_FAMILY = "1,2";
				TEST_HOST = "$(BUILT_PRODUCTS_DIR)/WorldTrotter.app/WorldTrotter";
			};
			name = Debug;
		};
		3189507523F48DD300A31E20 /* Release */ = {
			isa = XCBuildConfiguration;
			buildSettings = {
				ALWAYS_EMBED_SWIFT_STANDARD_LIBRARIES = YES;
				BUNDLE_LOADER = "$(TEST_HOST)";
				CODE_SIGN_STYLE = Automatic;
				INFOPLIST_FILE = WorldTrotterTests/Info.plist;
				IPHONEOS_DEPLOYMENT_TARGET = 13.2;
				LD_RUNPATH_SEARCH_PATHS = (
					"$(inherited)",
					"@executable_path/Frameworks",
					"@loader_path/Frameworks",
				);
				PRODUCT_BUNDLE_IDENTIFIER = com.jeffindustries.WorldTrotterTests;
				PRODUCT_NAME = "$(TARGET_NAME)";
				SWIFT_VERSION = 5.0;
				TARGETED_DEVICE_FAMILY = "1,2";
				TEST_HOST = "$(BUILT_PRODUCTS_DIR)/WorldTrotter.app/WorldTrotter";
			};
			name = Release;
		};
		3189507723F48DD300A31E20 /* Debug */ = {
			isa = XCBuildConfiguration;
			buildSettings = {
				ALWAYS_EMBED_SWIFT_STANDARD_LIBRARIES = YES;
				CODE_SIGN_STYLE = Automatic;
				INFOPLIST_FILE = WorldTrotterUITests/Info.plist;
				LD_RUNPATH_SEARCH_PATHS = (
					"$(inherited)",
					"@executable_path/Frameworks",
					"@loader_path/Frameworks",
				);
				PRODUCT_BUNDLE_IDENTIFIER = com.jeffindustries.WorldTrotterUITests;
				PRODUCT_NAME = "$(TARGET_NAME)";
				SWIFT_VERSION = 5.0;
				TARGETED_DEVICE_FAMILY = "1,2";
				TEST_TARGET_NAME = WorldTrotter;
			};
			name = Debug;
		};
		3189507823F48DD300A31E20 /* Release */ = {
			isa = XCBuildConfiguration;
			buildSettings = {
				ALWAYS_EMBED_SWIFT_STANDARD_LIBRARIES = YES;
				CODE_SIGN_STYLE = Automatic;
				INFOPLIST_FILE = WorldTrotterUITests/Info.plist;
				LD_RUNPATH_SEARCH_PATHS = (
					"$(inherited)",
					"@executable_path/Frameworks",
					"@loader_path/Frameworks",
				);
				PRODUCT_BUNDLE_IDENTIFIER = com.jeffindustries.WorldTrotterUITests;
				PRODUCT_NAME = "$(TARGET_NAME)";
				SWIFT_VERSION = 5.0;
				TARGETED_DEVICE_FAMILY = "1,2";
				TEST_TARGET_NAME = WorldTrotter;
			};
			name = Release;
		};
/* End XCBuildConfiguration section */

/* Begin XCConfigurationList section */
		3189504123F48DD200A31E20 /* Build configuration list for PBXProject "WorldTrotter" */ = {
			isa = XCConfigurationList;
			buildConfigurations = (
				3189506E23F48DD300A31E20 /* Debug */,
				3189506F23F48DD300A31E20 /* Release */,
			);
			defaultConfigurationIsVisible = 0;
			defaultConfigurationName = Release;
		};
		3189507023F48DD300A31E20 /* Build configuration list for PBXNativeTarget "WorldTrotter" */ = {
			isa = XCConfigurationList;
			buildConfigurations = (
				3189507123F48DD300A31E20 /* Debug */,
				3189507223F48DD300A31E20 /* Release */,
			);
			defaultConfigurationIsVisible = 0;
			defaultConfigurationName = Release;
		};
		3189507323F48DD300A31E20 /* Build configuration list for PBXNativeTarget "WorldTrotterTests" */ = {
			isa = XCConfigurationList;
			buildConfigurations = (
				3189507423F48DD300A31E20 /* Debug */,
				3189507523F48DD300A31E20 /* Release */,
			);
			defaultConfigurationIsVisible = 0;
			defaultConfigurationName = Release;
		};
		3189507623F48DD300A31E20 /* Build configuration list for PBXNativeTarget "WorldTrotterUITests" */ = {
			isa = XCConfigurationList;
			buildConfigurations = (
				3189507723F48DD300A31E20 /* Debug */,
				3189507823F48DD300A31E20 /* Release */,
			);
			defaultConfigurationIsVisible = 0;
			defaultConfigurationName = Release;
		};
/* End XCConfigurationList section */
	};
	rootObject = 3189503E23F48DD200A31E20 /* Project object */;
}
